# THIS IS AN AUTOGENERATED FILE. DO NOT EDIT THIS FILE DIRECTLY.
# yarn lockfile v1


xml-minifier@^1.0.1:
  version "1.0.1"
  resolved "https://registry.npmmirror.com/xml-minifier/-/xml-minifier-1.0.1.tgz#953d966a344b68cdd44732e6fbca65f64e42dc5b"
  integrity sha512-/4QaUoa76lH8mCcpYHcCWr6o8i8MQsWXC1YOmyhudo4quD6nDcwVLuMELMP5sDJLK6Zte98481zcMZN/8hKmSg==
